
Microsoft Visual Studio Solution File, Format Version 12.00
# Visual Studio 15
VisualStudioVersion = 15.0.28010.0
MinimumVisualStudioVersion = 10.0.40219.1
Project("{FAE04EC0-301F-11D3-BF4B-00C04F79EFBC}") = "RPH.Oftamed.Android", "RPH.Oftamed\RPH.Oftamed.Android\RPH.Oftamed.Android.csproj", "{10C470C9-AAD7-4332-BCA8-46E5C079B356}"
EndProject
Project("{FAE04EC0-301F-11D3-BF4B-00C04F79EFBC}") = "RPH.Oftamed.iOS", "RPH.Oftamed\RPH.Oftamed.iOS\RPH.Oftamed.iOS.csproj", "{39899DA4-082F-4782-A5F1-DD5FFDE2F90C}"
EndProject
Project("{FAE04EC0-301F-11D3-BF4B-00C04F79EFBC}") = "RPH.Oftamed", "RPH.Oftamed\RPH.Oftamed\RPH.Oftamed.csproj", "{37914011-0283-46BC-99AE-D8286452F864}"
EndProject
Global
	GlobalSection(SolutionConfigurationPlatforms) = preSolution
		Ad-Hoc|Any CPU = Ad-Hoc|Any CPU
		Ad-Hoc|iPhone = Ad-Hoc|iPhone
		Ad-Hoc|iPhoneSimulator = Ad-Hoc|iPhoneSimulator
		AppStore|Any CPU = AppStore|Any CPU
		AppStore|iPhone = AppStore|iPhone
		AppStore|iPhoneSimulator = AppStore|iPhoneSimulator
		Debug|Any CPU = Debug|Any CPU
		Debug|iPhone = Debug|iPhone
		Debug|iPhoneSimulator = Debug|iPhoneSimulator
		Release|Any CPU = Release|Any CPU
		Release|iPhone = Release|iPhone
		Release|iPhoneSimulator = Release|iPhoneSimulator
	EndGlobalSection
	GlobalSection(ProjectConfigurationPlatforms) = postSolution
		{10C470C9-AAD7-4332-BCA8-46E5C079B356}.Ad-Hoc|Any CPU.ActiveCfg = Release|Any CPU
		{10C470C9-AAD7-4332-BCA8-46E5C079B356}.Ad-Hoc|Any CPU.Build.0 = Release|Any CPU
		{10C470C9-AAD7-4332-BCA8-46E5C079B356}.Ad-Hoc|Any CPU.Deploy.0 = Release|Any CPU
		{10C470C9-AAD7-4332-BCA8-46E5C079B356}.Ad-Hoc|iPhone.ActiveCfg = Release|Any CPU
		{10C470C9-AAD7-4332-BCA8-46E5C079B356}.Ad-Hoc|iPhone.Build.0 = Release|Any CPU
		{10C470C9-AAD7-4332-BCA8-46E5C079B356}.Ad-Hoc|iPhone.Deploy.0 = Release|Any CPU
		{10C470C9-AAD7-4332-BCA8-46E5C079B356}.Ad-Hoc|iPhoneSimulator.ActiveCfg = Release|Any CPU
		{10C470C9-AAD7-4332-BCA8-46E5C079B356}.Ad-Hoc|iPhoneSimulator.Build.0 = Release|Any CPU
		{10C470C9-AAD7-4332-BCA8-46E5C079B356}.Ad-Hoc|iPhoneSimulator.Deploy.0 = Release|Any CPU
		{10C470C9-AAD7-4332-BCA8-46E5C079B356}.AppStore|Any CPU.ActiveCfg = Release|Any CPU
		{10C470C9-AAD7-4332-BCA8-46E5C079B356}.AppStore|Any CPU.Build.0 = Release|Any CPU
		{10C470C9-AAD7-4332-BCA8-46E5C079B356}.AppStore|Any CPU.Deploy.0 = Release|Any CPU
		{10C470C9-AAD7-4332-BCA8-46E5C079B356}.AppStore|iPhone.ActiveCfg = Release|Any CPU
		{10C470C9-AAD7-4332-BCA8-46E5C079B356}.AppStore|iPhone.Build.0 = Release|Any CPU
		{10C470C9-AAD7-4332-BCA8-46E5C079B356}.AppStore|iPhone.Deploy.0 = Release|Any CPU
		{10C470C9-AAD7-4332-BCA8-46E5C079B356}.AppStore|iPhoneSimulator.ActiveCfg = Release|Any CPU
		{10C470C9-AAD7-4332-BCA8-46E5C079B356}.AppStore|iPhoneSimulator.Build.0 = Release|Any CPU
		{10C470C9-AAD7-4332-BCA8-46E5C079B356}.AppStore|iPhoneSimulator.Deploy.0 = Release|Any CPU
		{10C470C9-AAD7-4332-BCA8-46E5C079B356}.Debug|Any CPU.ActiveCfg = Debug|Any CPU
		{10C470C9-AAD7-4332-BCA8-46E5C079B356}.Debug|Any CPU.Build.0 = Debug|Any CPU
		{10C470C9-AAD7-4332-BCA8-46E5C079B356}.Debug|Any CPU.Deploy.0 = Debug|Any CPU
		{10C470C9-AAD7-4332-BCA8-46E5C079B356}.Debug|iPhone.ActiveCfg = Debug|Any CPU
		{10C470C9-AAD7-4332-BCA8-46E5C079B356}.Debug|iPhone.Build.0 = Debug|Any CPU
		{10C470C9-AAD7-4332-BCA8-46E5C079B356}.Debug|iPhone.Deploy.0 = Debug|Any CPU
		{10C470C9-AAD7-4332-BCA8-46E5C079B356}.Debug|iPhoneSimulator.ActiveCfg = Debug|Any CPU
		{10C470C9-AAD7-4332-BCA8-46E5C079B356}.Debug|iPhoneSimulator.Build.0 = Debug|Any CPU
		{10C470C9-AAD7-4332-BCA8-46E5C079B356}.Debug|iPhoneSimulator.Deploy.0 = Debug|Any CPU
		{10C470C9-AAD7-4332-BCA8-46E5C079B356}.Release|Any CPU.ActiveCfg = Release|Any CPU
		{10C470C9-AAD7-4332-BCA8-46E5C079B356}.Release|Any CPU.Build.0 = Release|Any CPU
		{10C470C9-AAD7-4332-BCA8-46E5C079B356}.Release|Any CPU.Deploy.0 = Release|Any CPU
		{10C470C9-AAD7-4332-BCA8-46E5C079B356}.Release|iPhone.ActiveCfg = Release|Any CPU
		{10C470C9-AAD7-4332-BCA8-46E5C079B356}.Release|iPhone.Build.0 = Release|Any CPU
		{10C470C9-AAD7-4332-BCA8-46E5C079B356}.Release|iPhone.Deploy.0 = Release|Any CPU
		{10C470C9-AAD7-4332-BCA8-46E5C079B356}.Release|iPhoneSimulator.ActiveCfg = Release|Any CPU
		{10C470C9-AAD7-4332-BCA8-46E5C079B356}.Release|iPhoneSimulator.Build.0 = Release|Any CPU
		{10C470C9-AAD7-4332-BCA8-46E5C079B356}.Release|iPhoneSimulator.Deploy.0 = Release|Any CPU
		{39899DA4-082F-4782-A5F1-DD5FFDE2F90C}.Ad-Hoc|Any CPU.ActiveCfg = Ad-Hoc|iPhone
		{39899DA4-082F-4782-A5F1-DD5FFDE2F90C}.Ad-Hoc|Any CPU.Build.0 = Ad-Hoc|iPhone
		{39899DA4-082F-4782-A5F1-DD5FFDE2F90C}.Ad-Hoc|Any CPU.Deploy.0 = Ad-Hoc|iPhone
		{39899DA4-082F-4782-A5F1-DD5FFDE2F90C}.Ad-Hoc|iPhone.ActiveCfg = Ad-Hoc|iPhone
		{39899DA4-082F-4782-A5F1-DD5FFDE2F90C}.Ad-Hoc|iPhone.Build.0 = Ad-Hoc|iPhone
		{39899DA4-082F-4782-A5F1-DD5FFDE2F90C}.Ad-Hoc|iPhone.Deploy.0 = Ad-Hoc|iPhone
		{39899DA4-082F-4782-A5F1-DD5FFDE2F90C}.Ad-Hoc|iPhoneSimulator.ActiveCfg = Ad-Hoc|iPhoneSimulator
		{39899DA4-082F-4782-A5F1-DD5FFDE2F90C}.Ad-Hoc|iPhoneSimulator.Build.0 = Ad-Hoc|iPhoneSimulator
		{39899DA4-082F-4782-A5F1-DD5FFDE2F90C}.Ad-Hoc|iPhoneSimulator.Deploy.0 = Ad-Hoc|iPhoneSimulator
		{39899DA4-082F-4782-A5F1-DD5FFDE2F90C}.AppStore|Any CPU.ActiveCfg = AppStore|iPhone
		{39899DA4-082F-4782-A5F1-DD5FFDE2F90C}.AppStore|Any CPU.Build.0 = AppStore|iPhone
		{39899DA4-082F-4782-A5F1-DD5FFDE2F90C}.AppStore|Any CPU.Deploy.0 = AppStore|iPhone
		{39899DA4-082F-4782-A5F1-DD5FFDE2F90C}.AppStore|iPhone.ActiveCfg = AppStore|iPhone
		{39899DA4-082F-4782-A5F1-DD5FFDE2F90C}.AppStore|iPhone.Build.0 = AppStore|iPhone
		{39899DA4-082F-4782-A5F1-DD5FFDE2F90C}.AppStore|iPhone.Deploy.0 = AppStore|iPhone
		{39899DA4-082F-4782-A5F1-DD5FFDE2F90C}.AppStore|iPhoneSimulator.ActiveCfg = AppStore|iPhoneSimulator
		{39899DA4-082F-4782-A5F1-DD5FFDE2F90C}.AppStore|iPhoneSimulator.Build.0 = AppStore|iPhoneSimulator
		{39899DA4-082F-4782-A5F1-DD5FFDE2F90C}.AppStore|iPhoneSimulator.Deploy.0 = AppStore|iPhoneSimulator
		{39899DA4-082F-4782-A5F1-DD5FFDE2F90C}.Debug|Any CPU.ActiveCfg = Debug|iPhoneSimulator
		{39899DA4-082F-4782-A5F1-DD5FFDE2F90C}.Debug|Any CPU.Build.0 = Debug|iPhoneSimulator
		{39899DA4-082F-4782-A5F1-DD5FFDE2F90C}.Debug|Any CPU.Deploy.0 = Debug|iPhoneSimulator
		{39899DA4-082F-4782-A5F1-DD5FFDE2F90C}.Debug|iPhone.ActiveCfg = Debug|iPhone
		{39899DA4-082F-4782-A5F1-DD5FFDE2F90C}.Debug|iPhone.Build.0 = Debug|iPhone
		{39899DA4-082F-4782-A5F1-DD5FFDE2F90C}.Debug|iPhone.Deploy.0 = Debug|iPhone
		{39899DA4-082F-4782-A5F1-DD5FFDE2F90C}.Debug|iPhoneSimulator.ActiveCfg = Debug|iPhoneSimulator
		{39899DA4-082F-4782-A5F1-DD5FFDE2F90C}.Debug|iPhoneSimulator.Build.0 = Debug|iPhoneSimulator
		{39899DA4-082F-4782-A5F1-DD5FFDE2F90C}.Debug|iPhoneSimulator.Deploy.0 = Debug|iPhoneSimulator
		{39899DA4-082F-4782-A5F1-DD5FFDE2F90C}.Release|Any CPU.ActiveCfg = Release|iPhone
		{39899DA4-082F-4782-A5F1-DD5FFDE2F90C}.Release|Any CPU.Build.0 = Release|iPhone
		{39899DA4-082F-4782-A5F1-DD5FFDE2F90C}.Release|Any CPU.Deploy.0 = Release|iPhone
		{39899DA4-082F-4782-A5F1-DD5FFDE2F90C}.Release|iPhone.ActiveCfg = Release|iPhone
		{39899DA4-082F-4782-A5F1-DD5FFDE2F90C}.Release|iPhone.Build.0 = Release|iPhone
		{39899DA4-082F-4782-A5F1-DD5FFDE2F90C}.Release|iPhone.Deploy.0 = Release|iPhone
		{39899DA4-082F-4782-A5F1-DD5FFDE2F90C}.Release|iPhoneSimulator.ActiveCfg = Release|iPhoneSimulator
		{39899DA4-082F-4782-A5F1-DD5FFDE2F90C}.Release|iPhoneSimulator.Build.0 = Release|iPhoneSimulator
		{39899DA4-082F-4782-A5F1-DD5FFDE2F90C}.Release|iPhoneSimulator.Deploy.0 = Release|iPhoneSimulator
		{37914011-0283-46BC-99AE-D8286452F864}.Ad-Hoc|Any CPU.ActiveCfg = Debug|Any CPU
		{37914011-0283-46BC-99AE-D8286452F864}.Ad-Hoc|Any CPU.Build.0 = Debug|Any CPU
		{37914011-0283-46BC-99AE-D8286452F864}.Ad-Hoc|Any CPU.Deploy.0 = Debug|Any CPU
		{37914011-0283-46BC-99AE-D8286452F864}.Ad-Hoc|iPhone.ActiveCfg = Debug|Any CPU
		{37914011-0283-46BC-99AE-D8286452F864}.Ad-Hoc|iPhone.Build.0 = Debug|Any CPU
		{37914011-0283-46BC-99AE-D8286452F864}.Ad-Hoc|iPhone.Deploy.0 = Debug|Any CPU
		{37914011-0283-46BC-99AE-D8286452F864}.Ad-Hoc|iPhoneSimulator.ActiveCfg = Debug|Any CPU
		{37914011-0283-46BC-99AE-D8286452F864}.Ad-Hoc|iPhoneSimulator.Build.0 = Debug|Any CPU
		{37914011-0283-46BC-99AE-D8286452F864}.Ad-Hoc|iPhoneSimulator.Deploy.0 = Debug|Any CPU
		{37914011-0283-46BC-99AE-D8286452F864}.AppStore|Any CPU.ActiveCfg = Debug|Any CPU
		{37914011-0283-46BC-99AE-D8286452F864}.AppStore|Any CPU.Build.0 = Debug|Any CPU
		{37914011-0283-46BC-99AE-D8286452F864}.AppStore|Any CPU.Deploy.0 = Debug|Any CPU
		{37914011-0283-46BC-99AE-D8286452F864}.AppStore|iPhone.ActiveCfg = Debug|Any CPU
		{37914011-0283-46BC-99AE-D8286452F864}.AppStore|iPhone.Build.0 = Debug|Any CPU
		{37914011-0283-46BC-99AE-D8286452F864}.AppStore|iPhone.Deploy.0 = Debug|Any CPU
		{37914011-0283-46BC-99AE-D8286452F864}.AppStore|iPhoneSimulator.ActiveCfg = Debug|Any CPU
		{37914011-0283-46BC-99AE-D8286452F864}.AppStore|iPhoneSimulator.Build.0 = Debug|Any CPU
		{37914011-0283-46BC-99AE-D8286452F864}.AppStore|iPhoneSimulator.Deploy.0 = Debug|Any CPU
		{37914011-0283-46BC-99AE-D8286452F864}.Debug|Any CPU.ActiveCfg = Debug|Any CPU
		{37914011-0283-46BC-99AE-D8286452F864}.Debug|Any CPU.Build.0 = Debug|Any CPU
		{37914011-0283-46BC-99AE-D8286452F864}.Debug|Any CPU.Deploy.0 = Debug|Any CPU
		{37914011-0283-46BC-99AE-D8286452F864}.Debug|iPhone.ActiveCfg = Debug|Any CPU
		{37914011-0283-46BC-99AE-D8286452F864}.Debug|iPhone.Build.0 = Debug|Any CPU
		{37914011-0283-46BC-99AE-D8286452F864}.Debug|iPhone.Deploy.0 = Debug|Any CPU
		{37914011-0283-46BC-99AE-D8286452F864}.Debug|iPhoneSimulator.ActiveCfg = Debug|Any CPU
		{37914011-0283-46BC-99AE-D8286452F864}.Debug|iPhoneSimulator.Build.0 = Debug|Any CPU
		{37914011-0283-46BC-99AE-D8286452F864}.Debug|iPhoneSimulator.Deploy.0 = Debug|Any CPU
		{37914011-0283-46BC-99AE-D8286452F864}.Release|Any CPU.ActiveCfg = Release|Any CPU
		{37914011-0283-46BC-99AE-D8286452F864}.Release|Any CPU.Build.0 = Release|Any CPU
		{37914011-0283-46BC-99AE-D8286452F864}.Release|Any CPU.Deploy.0 = Release|Any CPU
		{37914011-0283-46BC-99AE-D8286452F864}.Release|iPhone.ActiveCfg = Release|Any CPU
		{37914011-0283-46BC-99AE-D8286452F864}.Release|iPhone.Build.0 = Release|Any CPU
		{37914011-0283-46BC-99AE-D8286452F864}.Release|iPhone.Deploy.0 = Release|Any CPU
		{37914011-0283-46BC-99AE-D8286452F864}.Release|iPhoneSimulator.ActiveCfg = Release|Any CPU
		{37914011-0283-46BC-99AE-D8286452F864}.Release|iPhoneSimulator.Build.0 = Release|Any CPU
		{37914011-0283-46BC-99AE-D8286452F864}.Release|iPhoneSimulator.Deploy.0 = Release|Any CPU
	EndGlobalSection
	GlobalSection(SolutionProperties) = preSolution
		HideSolutionNode = FALSE
	EndGlobalSection
	GlobalSection(ExtensibilityGlobals) = postSolution
		SolutionGuid = {2A91171E-2617-42DA-9249-629E19F1E437}
	EndGlobalSection
EndGlobal
